
Microsoft Visual Studio Solution File, Format Version 12.00
# Visual Studio Version 17
VisualStudioVersion = 17.0.31903.59
MinimumVisualStudioVersion = 10.0.40219.1
Project("{9A19103F-16F7-4668-BE54-9A1E7A4F7556}") = "Bugtracker", "Bugtracker.csproj", "{2BB1DD28-2E71-4A5A-8ACD-96EAB5EF84B0}"
EndProject
Project("{9A19103F-16F7-4668-BE54-9A1E7A4F7556}") = "Bugtracker UI", "..\GUIBugtracker\Bugtracker UI.csproj", "{B9E9032E-B574-4F83-A359-7AE6F3CCBFC4}"
EndProject
Global
	GlobalSection(SolutionConfigurationPlatforms) = preSolution
		Debug|Any CPU = Debug|Any CPU
		Debug|x86 = Debug|x86
		Release|Any CPU = Release|Any CPU
		Release|x86 = Release|x86
	EndGlobalSection
	GlobalSection(ProjectConfigurationPlatforms) = postSolution
		{2BB1DD28-2E71-4A5A-8ACD-96EAB5EF84B0}.Debug|Any CPU.ActiveCfg = Debug|Any CPU
		{2BB1DD28-2E71-4A5A-8ACD-96EAB5EF84B0}.Debug|Any CPU.Build.0 = Debug|Any CPU
		{2BB1DD28-2E71-4A5A-8ACD-96EAB5EF84B0}.Debug|x86.ActiveCfg = Debug|Any CPU
		{2BB1DD28-2E71-4A5A-8ACD-96EAB5EF84B0}.Debug|x86.Build.0 = Debug|Any CPU
		{2BB1DD28-2E71-4A5A-8ACD-96EAB5EF84B0}.Release|Any CPU.ActiveCfg = Release|Any CPU
		{2BB1DD28-2E71-4A5A-8ACD-96EAB5EF84B0}.Release|Any CPU.Build.0 = Release|Any CPU
		{B9E9032E-B574-4F83-A359-7AE6F3CCBFC4}.Debug|Any CPU.ActiveCfg = Debug|Any CPU
		{B9E9032E-B574-4F83-A359-7AE6F3CCBFC4}.Debug|Any CPU.Build.0 = Debug|Any CPU
		{B9E9032E-B574-4F83-A359-7AE6F3CCBFC4}.Release|Any CPU.ActiveCfg = Release|Any CPU
		{B9E9032E-B574-4F83-A359-7AE6F3CCBFC4}.Release|Any CPU.Build.0 = Release|Any CPU
	EndGlobalSection
	GlobalSection(SolutionProperties) = preSolution
		HideSolutionNode = FALSE
	EndGlobalSection
	GlobalSection(ExtensibilityGlobals) = postSolution
		SolutionGuid = {5951FB8E-28ED-43A5-BCC4-FFAE57018921}
	EndGlobalSection
EndGlobal
